
Microsoft Visual Studio Solution File, Format Version 12.00
# Visual Studio Version 16
VisualStudioVersion = 16.0.29613.14
MinimumVisualStudioVersion = 10.0.40219.1
Project("{D954291E-2A0B-460D-934E-DC6B0785DB48}") = "Patchwork.Framework", "src\Patchwork.Framework\Patchwork.Framework.shproj", "{DFF5F575-ACE9-41CE-89A9-E82D0DC8CA6C}"
EndProject
Project("{2150E333-8FDC-42A3-9474-1A3956D46DE8}") = "Platform", "Platform", "{CFE53FE4-AD85-4797-B4F8-6795A77CF798}"
EndProject
Project("{2150E333-8FDC-42A3-9474-1A3956D46DE8}") = "Solution Items", "Solution Items", "{2E0F2A5F-45F7-4023-BF7A-143D0031B90E}"
	ProjectSection(SolutionItems) = preProject
		CODE_OF_CONDUCT.md = CODE_OF_CONDUCT.md
		CODESTYLE.md = CODESTYLE.md
		CONTRIBUTING.md = CONTRIBUTING.md
		src\GlobalSuppressions.cs = src\GlobalSuppressions.cs
		LICENSE.md = LICENSE.md
		README.md = README.md
		src\SharedAssemblyInfo.cs = src\SharedAssemblyInfo.cs
	EndProjectSection
EndProject
Project("{2150E333-8FDC-42A3-9474-1A3956D46DE8}") = "Tests", "Tests", "{66DC2B86-09D8-4E15-AF02-809D440E3DF3}"
EndProject
Project("{2150E333-8FDC-42A3-9474-1A3956D46DE8}") = "NuSpec", "NuSpec", "{6785DC12-A054-4A50-B7DE-7A74E2D60C4E}"
	ProjectSection(SolutionItems) = preProject
		nuspecs\generate-nuget.ps1 = nuspecs\generate-nuget.ps1
		nuspecs\projects.json = nuspecs\projects.json
		nuspecs\Shield.Framework.Core.nuspec = nuspecs\Shield.Framework.Core.nuspec
		nuspecs\Shield.Framework.IoC.Ninject.nuspec = nuspecs\Shield.Framework.IoC.Ninject.nuspec
		nuspecs\Shield.Framework.Platform.MonoGame.Windows.nuspec = nuspecs\Shield.Framework.Platform.MonoGame.Windows.nuspec
		nuspecs\Shield.Framework.Platform.Windows.nuspec = nuspecs\Shield.Framework.Platform.Windows.nuspec
	EndProjectSection
EndProject
Project("{2150E333-8FDC-42A3-9474-1A3956D46DE8}") = "NetStandard", "NetStandard", "{5ABBAF25-AAA8-48DA-8CB9-560208E43F7F}"
EndProject
Project("{9A19103F-16F7-4668-BE54-9A1E7A4F7556}") = "Patchwork.Framework.NetStandard", "src\Netstandard\Patchwork.Framework.NetStandard\Patchwork.Framework.NetStandard.csproj", "{6A99AEF1-84D8-4140-87DF-71B9DEEFE43F}"
EndProject
Project("{2150E333-8FDC-42A3-9474-1A3956D46DE8}") = "ThirdParty", "ThirdParty", "{AED9F4B2-5880-4135-BB4E-E79F37FF755A}"
EndProject
Project("{9A19103F-16F7-4668-BE54-9A1E7A4F7556}") = "Shin.Framework.NetStandard", "third-party\shin\src\Netstandard\Shin.Framework.NetStandard\Shin.Framework.NetStandard.csproj", "{1E0876C0-41E8-4BD0-B8E1-4C2259978549}"
EndProject
Project("{2150E333-8FDC-42A3-9474-1A3956D46DE8}") = "Windows", "Windows", "{C20D1D25-590B-4308-97B9-AFE774CA2300}"
EndProject
Project("{2150E333-8FDC-42A3-9474-1A3956D46DE8}") = "Platforms", "Platforms", "{A5E7BD3C-A80D-48AE-B0C8-8A9C377551EB}"
EndProject
Project("{D954291E-2A0B-460D-934E-DC6B0785DB48}") = "Patchwork.Framework.Android", "src\Platform\Patchwork.Framework.Android\Patchwork.Framework.Android.shproj", "{5CD3F1A7-43D7-4FB2-BEC0-81FF1EE8704B}"
EndProject
Project("{D954291E-2A0B-460D-934E-DC6B0785DB48}") = "Patchwork.Framework.Desktop", "src\Platform\Patchwork.Framework.Desktop\Patchwork.Framework.Desktop.shproj", "{6E5462B8-0293-4944-8229-DF5D4FDF1183}"
EndProject
Project("{D954291E-2A0B-460D-934E-DC6B0785DB48}") = "Patchwork.Framework.DirectX", "src\Platform\Patchwork.Framework.DirectX\Patchwork.Framework.DirectX.shproj", "{1B5D1859-9372-45DD-A5E9-830B392418D2}"
EndProject
Project("{D954291E-2A0B-460D-934E-DC6B0785DB48}") = "Patchwork.Framework.Mobile", "src\Platform\Patchwork.Framework.Mobile\Patchwork.Framework.Mobile.shproj", "{2FEF6F21-FCA7-4282-8FED-CEA9B0261A83}"
EndProject
Project("{D954291E-2A0B-460D-934E-DC6B0785DB48}") = "Patchwork.Framework.Windows", "src\Platform\Patchwork.Framework.Windows\Patchwork.Framework.Windows.shproj", "{E4609D0B-3A70-4AE1-9462-042A72263376}"
EndProject
Project("{9A19103F-16F7-4668-BE54-9A1E7A4F7556}") = "Patchwork.Framework.Android.NetStandard", "src\Netstandard\Platform\Patchwork.Framework.Android.NetStandard\Patchwork.Framework.Android.NetStandard.csproj", "{BC277B81-898F-43D3-BDF6-089697CAF57E}"
EndProject
Project("{9A19103F-16F7-4668-BE54-9A1E7A4F7556}") = "Patchwork.Framework.Windows.NetStandard", "src\Netstandard\Platform\Patchwork.Framework.Windows.NetStandard\Patchwork.Framework.Windows.NetStandard.csproj", "{659FFA04-D773-41E6-907A-E12FCBEB82F1}"
EndProject
Project("{2150E333-8FDC-42A3-9474-1A3956D46DE8}") = "Samples", "Samples", "{B013D504-A2C9-4216-A4A1-EB7BC9588F3A}"
EndProject
Project("{9A19103F-16F7-4668-BE54-9A1E7A4F7556}") = "WindowsApp", "samples\WindowsApp\WindowsApp.csproj", "{29B1323F-0025-4179-93FE-17324907B56E}"
EndProject
Global
	GlobalSection(SharedMSBuildProjectFiles) = preSolution
		src\Platform\Patchwork.Framework.DirectX\Patchwork.Framework.DirectX.projitems*{1b5d1859-9372-45dd-a5e9-830b392418d2}*SharedItemsImports = 13
		third-party\shin\src\Shin.Framework\Shin.Framework.projitems*{1e0876c0-41e8-4bd0-b8e1-4c2259978549}*SharedItemsImports = 5
		src\Platform\Patchwork.Framework.Mobile\Patchwork.Framework.Mobile.projitems*{2fef6f21-fca7-4282-8fed-cea9b0261a83}*SharedItemsImports = 13
		src\Platform\Patchwork.Framework.Android\Patchwork.Framework.Android.projitems*{5cd3f1a7-43d7-4fb2-bec0-81ff1ee8704b}*SharedItemsImports = 13
		src\Patchwork.Framework\Patchwork.Framework.projitems*{659ffa04-d773-41e6-907a-e12fcbeb82f1}*SharedItemsImports = 5
		src\Platform\Patchwork.Framework.Desktop\Patchwork.Framework.Desktop.projitems*{659ffa04-d773-41e6-907a-e12fcbeb82f1}*SharedItemsImports = 5
		src\Platform\Patchwork.Framework.Windows\Patchwork.Framework.Windows.projitems*{659ffa04-d773-41e6-907a-e12fcbeb82f1}*SharedItemsImports = 5
		src\Patchwork.Framework\Patchwork.Framework.projitems*{6a99aef1-84d8-4140-87df-71b9deefe43f}*SharedItemsImports = 5
		src\Platform\Patchwork.Framework.Desktop\Patchwork.Framework.Desktop.projitems*{6e5462b8-0293-4944-8229-df5d4fdf1183}*SharedItemsImports = 13
		src\Patchwork.Framework\Patchwork.Framework.projitems*{bc277b81-898f-43d3-bdf6-089697caf57e}*SharedItemsImports = 5
		src\Platform\Patchwork.Framework.Android\Patchwork.Framework.Android.projitems*{bc277b81-898f-43d3-bdf6-089697caf57e}*SharedItemsImports = 5
		src\Platform\Patchwork.Framework.Mobile\Patchwork.Framework.Mobile.projitems*{bc277b81-898f-43d3-bdf6-089697caf57e}*SharedItemsImports = 5
		src\Patchwork.Framework\Patchwork.Framework.projitems*{dff5f575-ace9-41ce-89a9-e82d0dc8ca6c}*SharedItemsImports = 13
		src\Platform\Patchwork.Framework.Windows\Patchwork.Framework.Windows.projitems*{e4609d0b-3a70-4ae1-9462-042a72263376}*SharedItemsImports = 13
	EndGlobalSection
	GlobalSection(SolutionConfigurationPlatforms) = preSolution
		Debug|Any CPU = Debug|Any CPU
		Release|Any CPU = Release|Any CPU
	EndGlobalSection
	GlobalSection(ProjectConfigurationPlatforms) = postSolution
		{6A99AEF1-84D8-4140-87DF-71B9DEEFE43F}.Debug|Any CPU.ActiveCfg = Debug|Any CPU
		{6A99AEF1-84D8-4140-87DF-71B9DEEFE43F}.Debug|Any CPU.Build.0 = Debug|Any CPU
		{6A99AEF1-84D8-4140-87DF-71B9DEEFE43F}.Release|Any CPU.ActiveCfg = Release|Any CPU
		{6A99AEF1-84D8-4140-87DF-71B9DEEFE43F}.Release|Any CPU.Build.0 = Release|Any CPU
		{1E0876C0-41E8-4BD0-B8E1-4C2259978549}.Debug|Any CPU.ActiveCfg = Debug|Any CPU
		{1E0876C0-41E8-4BD0-B8E1-4C2259978549}.Debug|Any CPU.Build.0 = Debug|Any CPU
		{1E0876C0-41E8-4BD0-B8E1-4C2259978549}.Release|Any CPU.ActiveCfg = Release|Any CPU
		{1E0876C0-41E8-4BD0-B8E1-4C2259978549}.Release|Any CPU.Build.0 = Release|Any CPU
		{BC277B81-898F-43D3-BDF6-089697CAF57E}.Debug|Any CPU.ActiveCfg = Debug|Any CPU
		{BC277B81-898F-43D3-BDF6-089697CAF57E}.Debug|Any CPU.Build.0 = Debug|Any CPU
		{BC277B81-898F-43D3-BDF6-089697CAF57E}.Release|Any CPU.ActiveCfg = Release|Any CPU
		{BC277B81-898F-43D3-BDF6-089697CAF57E}.Release|Any CPU.Build.0 = Release|Any CPU
		{659FFA04-D773-41E6-907A-E12FCBEB82F1}.Debug|Any CPU.ActiveCfg = Debug|Any CPU
		{659FFA04-D773-41E6-907A-E12FCBEB82F1}.Debug|Any CPU.Build.0 = Debug|Any CPU
		{659FFA04-D773-41E6-907A-E12FCBEB82F1}.Release|Any CPU.ActiveCfg = Release|Any CPU
		{659FFA04-D773-41E6-907A-E12FCBEB82F1}.Release|Any CPU.Build.0 = Release|Any CPU
		{29B1323F-0025-4179-93FE-17324907B56E}.Debug|Any CPU.ActiveCfg = Debug|Any CPU
		{29B1323F-0025-4179-93FE-17324907B56E}.Debug|Any CPU.Build.0 = Debug|Any CPU
		{29B1323F-0025-4179-93FE-17324907B56E}.Release|Any CPU.ActiveCfg = Release|Any CPU
		{29B1323F-0025-4179-93FE-17324907B56E}.Release|Any CPU.Build.0 = Release|Any CPU
	EndGlobalSection
	GlobalSection(SolutionProperties) = preSolution
		HideSolutionNode = FALSE
	EndGlobalSection
	GlobalSection(NestedProjects) = preSolution
		{6A99AEF1-84D8-4140-87DF-71B9DEEFE43F} = {5ABBAF25-AAA8-48DA-8CB9-560208E43F7F}
		{1E0876C0-41E8-4BD0-B8E1-4C2259978549} = {AED9F4B2-5880-4135-BB4E-E79F37FF755A}
		{C20D1D25-590B-4308-97B9-AFE774CA2300} = {CFE53FE4-AD85-4797-B4F8-6795A77CF798}
		{A5E7BD3C-A80D-48AE-B0C8-8A9C377551EB} = {5ABBAF25-AAA8-48DA-8CB9-560208E43F7F}
		{5CD3F1A7-43D7-4FB2-BEC0-81FF1EE8704B} = {CFE53FE4-AD85-4797-B4F8-6795A77CF798}
		{6E5462B8-0293-4944-8229-DF5D4FDF1183} = {CFE53FE4-AD85-4797-B4F8-6795A77CF798}
		{1B5D1859-9372-45DD-A5E9-830B392418D2} = {C20D1D25-590B-4308-97B9-AFE774CA2300}
		{2FEF6F21-FCA7-4282-8FED-CEA9B0261A83} = {CFE53FE4-AD85-4797-B4F8-6795A77CF798}
		{E4609D0B-3A70-4AE1-9462-042A72263376} = {C20D1D25-590B-4308-97B9-AFE774CA2300}
		{BC277B81-898F-43D3-BDF6-089697CAF57E} = {A5E7BD3C-A80D-48AE-B0C8-8A9C377551EB}
		{659FFA04-D773-41E6-907A-E12FCBEB82F1} = {A5E7BD3C-A80D-48AE-B0C8-8A9C377551EB}
		{29B1323F-0025-4179-93FE-17324907B56E} = {B013D504-A2C9-4216-A4A1-EB7BC9588F3A}
	EndGlobalSection
	GlobalSection(ExtensibilityGlobals) = postSolution
		SolutionGuid = {A53841F6-1E2B-46A5-82DE-2A2FF30168E4}
	EndGlobalSection
EndGlobal
