
Microsoft Visual Studio Solution File, Format Version 12.00
# Visual Studio Version 17
VisualStudioVersion = 17.0.31815.197
MinimumVisualStudioVersion = 10.0.40219.1
Project("{D954291E-2A0B-460D-934E-DC6B0785DB48}") = "Patchwork.Framework", "src\Patchwork.Framework\Patchwork.Framework.shproj", "{DFF5F575-ACE9-41CE-89A9-E82D0DC8CA6C}"
EndProject
Project("{2150E333-8FDC-42A3-9474-1A3956D46DE8}") = "Platform", "Platform", "{CFE53FE4-AD85-4797-B4F8-6795A77CF798}"
EndProject
Project("{2150E333-8FDC-42A3-9474-1A3956D46DE8}") = "Solution Items", "Solution Items", "{2E0F2A5F-45F7-4023-BF7A-143D0031B90E}"
	ProjectSection(SolutionItems) = preProject
		CODESTYLE.md = CODESTYLE.md
		CODE_OF_CONDUCT.md = CODE_OF_CONDUCT.md
		CONTRIBUTING.md = CONTRIBUTING.md
		Directory.Build.props = Directory.Build.props
		src\FodyWeavers.xml = src\FodyWeavers.xml
		src\FodyWeavers.xsd = src\FodyWeavers.xsd
		src\GlobalSuppressions.cs = src\GlobalSuppressions.cs
		ImportsNon.Build.props = ImportsNon.Build.props
		LICENSE.md = LICENSE.md
		README.md = README.md
		SECURITY.md = SECURITY.md
		src\SharedAssemblyInfo.cs = src\SharedAssemblyInfo.cs
		Solution.Build.props = Solution.Build.props
	EndProjectSection
EndProject
Project("{2150E333-8FDC-42A3-9474-1A3956D46DE8}") = "Tests", "Tests", "{66DC2B86-09D8-4E15-AF02-809D440E3DF3}"
EndProject
Project("{2150E333-8FDC-42A3-9474-1A3956D46DE8}") = "ThirdParty", "ThirdParty", "{AED9F4B2-5880-4135-BB4E-E79F37FF755A}"
EndProject
Project("{2150E333-8FDC-42A3-9474-1A3956D46DE8}") = "Renderer", "Renderer", "{C20D1D25-590B-4308-97B9-AFE774CA2300}"
EndProject
Project("{D954291E-2A0B-460D-934E-DC6B0785DB48}") = "Patchwork.Framework.Android", "src\Platform\Patchwork.Framework.Android\Patchwork.Framework.Android.shproj", "{5CD3F1A7-43D7-4FB2-BEC0-81FF1EE8704B}"
EndProject
Project("{D954291E-2A0B-460D-934E-DC6B0785DB48}") = "Patchwork.Framework.Desktop", "src\Platform\Patchwork.Framework.Desktop\Patchwork.Framework.Desktop.shproj", "{6E5462B8-0293-4944-8229-DF5D4FDF1183}"
EndProject
Project("{D954291E-2A0B-460D-934E-DC6B0785DB48}") = "Patchwork.Framework.DirectX", "src\Platform\Patchwork.Framework.DirectX\Patchwork.Framework.DirectX.shproj", "{1B5D1859-9372-45DD-A5E9-830B392418D2}"
EndProject
Project("{D954291E-2A0B-460D-934E-DC6B0785DB48}") = "Patchwork.Framework.Mobile", "src\Platform\Patchwork.Framework.Mobile\Patchwork.Framework.Mobile.shproj", "{2FEF6F21-FCA7-4282-8FED-CEA9B0261A83}"
EndProject
Project("{D954291E-2A0B-460D-934E-DC6B0785DB48}") = "Patchwork.Framework.Windows", "src\Platform\Patchwork.Framework.Windows\Patchwork.Framework.Windows.shproj", "{E4609D0B-3A70-4AE1-9462-042A72263376}"
EndProject
Project("{9A19103F-16F7-4668-BE54-9A1E7A4F7556}") = "NetCore.Windows", "src\Netcore\NetCore.Windows\NetCore.Windows.csproj", "{659FFA04-D773-41E6-907A-E12FCBEB82F1}"
EndProject
Project("{2150E333-8FDC-42A3-9474-1A3956D46DE8}") = "Samples", "Samples", "{B013D504-A2C9-4216-A4A1-EB7BC9588F3A}"
EndProject
Project("{2150E333-8FDC-42A3-9474-1A3956D46DE8}") = "Source", "Source", "{899F423F-E433-48CD-ADD7-BE7111060D01}"
	ProjectSection(SolutionItems) = preProject
		src\Directory.Build.props = src\Directory.Build.props
		src\Directory.Build.targets = src\Directory.Build.targets
		src\Imports.Build.props = src\Imports.Build.props
		src\Imports.Build.targets = src\Imports.Build.targets
		Shared.Build.props = Shared.Build.props
	EndProjectSection
EndProject
Project("{2150E333-8FDC-42A3-9474-1A3956D46DE8}") = "Framework", "Framework", "{DF9F35D5-782A-4517-9EED-56DC59ABC127}"
EndProject
Project("{D954291E-2A0B-460D-934E-DC6B0785DB48}") = "Patchwork.Framework.Linux", "src\Platform\Patchwork.Framework.Linux\Patchwork.Framework.Linux.shproj", "{C6806C4E-C4E9-4736-AC25-300CD08B244C}"
EndProject
Project("{9A19103F-16F7-4668-BE54-9A1E7A4F7556}") = "NetCore.Linux", "src\Netcore\NetCore.Linux\NetCore.Linux.csproj", "{3D5071F7-DA01-4D84-9B53-6D8A0E63F18B}"
EndProject
Project("{2150E333-8FDC-42A3-9474-1A3956D46DE8}") = "OperatingSystem", "OperatingSystem", "{4D64F963-5E27-4E1A-93D3-8725EA168F83}"
EndProject
Project("{2150E333-8FDC-42A3-9474-1A3956D46DE8}") = "NetCore", "NetCore", "{300DD736-6641-4130-86BC-62D40E84FD0F}"
EndProject
Project("{D954291E-2A0B-460D-934E-DC6B0785DB48}") = "Patchwork.Framework.Rendering", "src\Patchwork.Framework.Rendering\Patchwork.Framework.Rendering.shproj", "{2A7C3663-0CB2-45DD-A52D-55FF3A6AB949}"
EndProject
Project("{D954291E-2A0B-460D-934E-DC6B0785DB48}") = "Patchwork.Framework.Windowing", "src\Patchwork.Framework.Windowing\Patchwork.Framework.Windowing.shproj", "{E3BB4D7B-FDA8-4F9D-B4E9-1613506F1E2E}"
EndProject
Project("{D954291E-2A0B-460D-934E-DC6B0785DB48}") = "Patchwork.Framework.Skia", "src\Platform\Patchwork.Framework.Skia\Patchwork.Framework.Skia.shproj", "{F81B5C8F-475F-466C-B028-D7E248C05897}"
EndProject
Project("{D954291E-2A0B-460D-934E-DC6B0785DB48}") = "Patchwork.Framework.Gdi", "src\Platform\Patchwork.Framework.Gdi\Patchwork.Framework.Gdi.shproj", "{6F55F2DA-A116-422E-8468-F8C8947F6064}"
EndProject
Project("{D954291E-2A0B-460D-934E-DC6B0785DB48}") = "System.Drawing", "src\System.Drawing\System.Drawing.shproj", "{DC0EFC52-D116-4C15-A296-2ECA1A62479E}"
EndProject
Project("{D954291E-2A0B-460D-934E-DC6B0785DB48}") = "Patchwork.Framework.Display", "src\Patchwork.Framework.Display\Patchwork.Framework.Display.shproj", "{8262ADEC-5C8C-4270-996F-B352AD34D163}"
EndProject
Project("{9A19103F-16F7-4668-BE54-9A1E7A4F7556}") = "LinuxApp", "samples\LinuxApp\LinuxApp.csproj", "{0A43644B-6981-4BA9-9707-9775DF8BB0A0}"
EndProject
Project("{9A19103F-16F7-4668-BE54-9A1E7A4F7556}") = "WindowsApp-NetCore31", "samples\WindowsApp-NetCore31\WindowsApp-NetCore31.csproj", "{8548E2DB-ACD4-4D2F-8773-3E2D092DC4B0}"
EndProject
Project("{9A19103F-16F7-4668-BE54-9A1E7A4F7556}") = "Net5.Android", "src\Net5\Net5.Android\Net5.Android.csproj", "{40991E61-4EE1-4D67-8BC9-ABD05AB21D70}"
EndProject
Project("{2150E333-8FDC-42A3-9474-1A3956D46DE8}") = "Net5", "Net5", "{D0B27153-B065-4883-88E6-9AE3DE2ABC7E}"
EndProject
Project("{9A19103F-16F7-4668-BE54-9A1E7A4F7556}") = "Net5.Windows", "src\Net5\Net5.Windows\Net5.Windows.csproj", "{E369DDA2-26D2-4558-943D-303306F80A53}"
EndProject
Project("{FAE04EC0-301F-11D3-BF4B-00C04F79EFBC}") = "AndroidApp-Net5", "samples\AndroidApp-Net5\AndroidApp-Net5.csproj", "{FEE7FF51-B5DB-4136-B9C3-043903B30870}"
EndProject
Project("{2150E333-8FDC-42A3-9474-1A3956D46DE8}") = "Net6", "Net6", "{1AA6EAB9-9D97-4FD8-BDF0-84E8D7F7BFBE}"
EndProject
Project("{9A19103F-16F7-4668-BE54-9A1E7A4F7556}") = "Net6.Android", "src\Net6\Net6.Android\Net6.Android.csproj", "{DCDB29B0-16A7-4FC1-B38D-777B046D5A73}"
EndProject
Project("{9A19103F-16F7-4668-BE54-9A1E7A4F7556}") = "Net6.Windows", "src\Net6\Net6.Windows\Net6.Windows.csproj", "{2C888852-E914-4AB4-904D-4EE959200233}"
EndProject
Project("{9A19103F-16F7-4668-BE54-9A1E7A4F7556}") = "WindowsApp-Net6", "samples\WindowsApp-Net6\WindowsApp-Net6.csproj", "{B870805D-46D1-4690-8EDA-2B3624B1D1C1}"
EndProject
Global
	GlobalSection(SolutionConfigurationPlatforms) = preSolution
		Debug|Android = Debug|Android
		Debug|Any CPU = Debug|Any CPU
		Debug|Windows = Debug|Windows
		Release|Android = Release|Android
		Release|Any CPU = Release|Any CPU
		Release|Windows = Release|Windows
	EndGlobalSection
	GlobalSection(ProjectConfigurationPlatforms) = postSolution
		{659FFA04-D773-41E6-907A-E12FCBEB82F1}.Debug|Android.ActiveCfg = Debug|Any CPU
		{659FFA04-D773-41E6-907A-E12FCBEB82F1}.Debug|Any CPU.ActiveCfg = Debug|Any CPU
		{659FFA04-D773-41E6-907A-E12FCBEB82F1}.Debug|Any CPU.Build.0 = Debug|Any CPU
		{659FFA04-D773-41E6-907A-E12FCBEB82F1}.Debug|Windows.ActiveCfg = Debug|Any CPU
		{659FFA04-D773-41E6-907A-E12FCBEB82F1}.Debug|Windows.Build.0 = Debug|Any CPU
		{659FFA04-D773-41E6-907A-E12FCBEB82F1}.Release|Android.ActiveCfg = Release|Any CPU
		{659FFA04-D773-41E6-907A-E12FCBEB82F1}.Release|Android.Build.0 = Release|Any CPU
		{659FFA04-D773-41E6-907A-E12FCBEB82F1}.Release|Any CPU.ActiveCfg = Release|Any CPU
		{659FFA04-D773-41E6-907A-E12FCBEB82F1}.Release|Any CPU.Build.0 = Release|Any CPU
		{659FFA04-D773-41E6-907A-E12FCBEB82F1}.Release|Windows.ActiveCfg = Release|Any CPU
		{659FFA04-D773-41E6-907A-E12FCBEB82F1}.Release|Windows.Build.0 = Release|Any CPU
		{3D5071F7-DA01-4D84-9B53-6D8A0E63F18B}.Debug|Android.ActiveCfg = Debug|Any CPU
		{3D5071F7-DA01-4D84-9B53-6D8A0E63F18B}.Debug|Any CPU.ActiveCfg = Debug|Any CPU
		{3D5071F7-DA01-4D84-9B53-6D8A0E63F18B}.Debug|Any CPU.Build.0 = Debug|Any CPU
		{3D5071F7-DA01-4D84-9B53-6D8A0E63F18B}.Debug|Windows.ActiveCfg = Debug|Any CPU
		{3D5071F7-DA01-4D84-9B53-6D8A0E63F18B}.Release|Android.ActiveCfg = Release|Any CPU
		{3D5071F7-DA01-4D84-9B53-6D8A0E63F18B}.Release|Android.Build.0 = Release|Any CPU
		{3D5071F7-DA01-4D84-9B53-6D8A0E63F18B}.Release|Any CPU.ActiveCfg = Release|Any CPU
		{3D5071F7-DA01-4D84-9B53-6D8A0E63F18B}.Release|Any CPU.Build.0 = Release|Any CPU
		{3D5071F7-DA01-4D84-9B53-6D8A0E63F18B}.Release|Windows.ActiveCfg = Release|Any CPU
		{3D5071F7-DA01-4D84-9B53-6D8A0E63F18B}.Release|Windows.Build.0 = Release|Any CPU
		{0A43644B-6981-4BA9-9707-9775DF8BB0A0}.Debug|Android.ActiveCfg = Debug|Any CPU
		{0A43644B-6981-4BA9-9707-9775DF8BB0A0}.Debug|Any CPU.ActiveCfg = Debug|Any CPU
		{0A43644B-6981-4BA9-9707-9775DF8BB0A0}.Debug|Any CPU.Build.0 = Debug|Any CPU
		{0A43644B-6981-4BA9-9707-9775DF8BB0A0}.Debug|Windows.ActiveCfg = Debug|Windows
		{0A43644B-6981-4BA9-9707-9775DF8BB0A0}.Debug|Windows.Build.0 = Debug|Windows
		{0A43644B-6981-4BA9-9707-9775DF8BB0A0}.Release|Android.ActiveCfg = Release|Any CPU
		{0A43644B-6981-4BA9-9707-9775DF8BB0A0}.Release|Any CPU.ActiveCfg = Release|Any CPU
		{0A43644B-6981-4BA9-9707-9775DF8BB0A0}.Release|Any CPU.Build.0 = Release|Any CPU
		{0A43644B-6981-4BA9-9707-9775DF8BB0A0}.Release|Windows.ActiveCfg = Release|Any CPU
		{0A43644B-6981-4BA9-9707-9775DF8BB0A0}.Release|Windows.Build.0 = Release|Any CPU
		{8548E2DB-ACD4-4D2F-8773-3E2D092DC4B0}.Debug|Android.ActiveCfg = Debug|Any CPU
		{8548E2DB-ACD4-4D2F-8773-3E2D092DC4B0}.Debug|Any CPU.ActiveCfg = Debug|Any CPU
		{8548E2DB-ACD4-4D2F-8773-3E2D092DC4B0}.Debug|Any CPU.Build.0 = Debug|Any CPU
		{8548E2DB-ACD4-4D2F-8773-3E2D092DC4B0}.Debug|Windows.ActiveCfg = Debug|Any CPU
		{8548E2DB-ACD4-4D2F-8773-3E2D092DC4B0}.Debug|Windows.Build.0 = Debug|Any CPU
		{8548E2DB-ACD4-4D2F-8773-3E2D092DC4B0}.Release|Android.ActiveCfg = Release|Any CPU
		{8548E2DB-ACD4-4D2F-8773-3E2D092DC4B0}.Release|Android.Build.0 = Release|Any CPU
		{8548E2DB-ACD4-4D2F-8773-3E2D092DC4B0}.Release|Any CPU.ActiveCfg = Release|Any CPU
		{8548E2DB-ACD4-4D2F-8773-3E2D092DC4B0}.Release|Any CPU.Build.0 = Release|Any CPU
		{8548E2DB-ACD4-4D2F-8773-3E2D092DC4B0}.Release|Windows.ActiveCfg = Release|Any CPU
		{8548E2DB-ACD4-4D2F-8773-3E2D092DC4B0}.Release|Windows.Build.0 = Release|Any CPU
		{40991E61-4EE1-4D67-8BC9-ABD05AB21D70}.Debug|Android.ActiveCfg = Debug|Any CPU
		{40991E61-4EE1-4D67-8BC9-ABD05AB21D70}.Debug|Android.Build.0 = Debug|Any CPU
		{40991E61-4EE1-4D67-8BC9-ABD05AB21D70}.Debug|Any CPU.ActiveCfg = Debug|Any CPU
		{40991E61-4EE1-4D67-8BC9-ABD05AB21D70}.Debug|Any CPU.Build.0 = Debug|Any CPU
		{40991E61-4EE1-4D67-8BC9-ABD05AB21D70}.Debug|Windows.ActiveCfg = Debug|Any CPU
		{40991E61-4EE1-4D67-8BC9-ABD05AB21D70}.Release|Android.ActiveCfg = Release|Any CPU
		{40991E61-4EE1-4D67-8BC9-ABD05AB21D70}.Release|Android.Build.0 = Release|Any CPU
		{40991E61-4EE1-4D67-8BC9-ABD05AB21D70}.Release|Any CPU.ActiveCfg = Release|Any CPU
		{40991E61-4EE1-4D67-8BC9-ABD05AB21D70}.Release|Any CPU.Build.0 = Release|Any CPU
		{40991E61-4EE1-4D67-8BC9-ABD05AB21D70}.Release|Windows.ActiveCfg = Release|Any CPU
		{40991E61-4EE1-4D67-8BC9-ABD05AB21D70}.Release|Windows.Build.0 = Release|Any CPU
		{E369DDA2-26D2-4558-943D-303306F80A53}.Debug|Android.ActiveCfg = Debug|Any CPU
		{E369DDA2-26D2-4558-943D-303306F80A53}.Debug|Any CPU.ActiveCfg = Debug|Any CPU
		{E369DDA2-26D2-4558-943D-303306F80A53}.Debug|Any CPU.Build.0 = Debug|Any CPU
		{E369DDA2-26D2-4558-943D-303306F80A53}.Debug|Windows.ActiveCfg = Debug|Any CPU
		{E369DDA2-26D2-4558-943D-303306F80A53}.Debug|Windows.Build.0 = Debug|Any CPU
		{E369DDA2-26D2-4558-943D-303306F80A53}.Release|Android.ActiveCfg = Release|Any CPU
		{E369DDA2-26D2-4558-943D-303306F80A53}.Release|Android.Build.0 = Release|Any CPU
		{E369DDA2-26D2-4558-943D-303306F80A53}.Release|Any CPU.ActiveCfg = Release|Any CPU
		{E369DDA2-26D2-4558-943D-303306F80A53}.Release|Any CPU.Build.0 = Release|Any CPU
		{E369DDA2-26D2-4558-943D-303306F80A53}.Release|Windows.ActiveCfg = Release|Any CPU
		{E369DDA2-26D2-4558-943D-303306F80A53}.Release|Windows.Build.0 = Release|Any CPU
		{FEE7FF51-B5DB-4136-B9C3-043903B30870}.Debug|Android.ActiveCfg = Debug|Any CPU
		{FEE7FF51-B5DB-4136-B9C3-043903B30870}.Debug|Android.Build.0 = Debug|Any CPU
		{FEE7FF51-B5DB-4136-B9C3-043903B30870}.Debug|Android.Deploy.0 = Debug|Any CPU
		{FEE7FF51-B5DB-4136-B9C3-043903B30870}.Debug|Any CPU.ActiveCfg = Debug|Any CPU
		{FEE7FF51-B5DB-4136-B9C3-043903B30870}.Debug|Any CPU.Build.0 = Debug|Any CPU
		{FEE7FF51-B5DB-4136-B9C3-043903B30870}.Debug|Any CPU.Deploy.0 = Debug|Any CPU
		{FEE7FF51-B5DB-4136-B9C3-043903B30870}.Debug|Windows.ActiveCfg = Debug|Any CPU
		{FEE7FF51-B5DB-4136-B9C3-043903B30870}.Release|Android.ActiveCfg = Release|Any CPU
		{FEE7FF51-B5DB-4136-B9C3-043903B30870}.Release|Android.Build.0 = Release|Any CPU
		{FEE7FF51-B5DB-4136-B9C3-043903B30870}.Release|Android.Deploy.0 = Release|Any CPU
		{FEE7FF51-B5DB-4136-B9C3-043903B30870}.Release|Any CPU.ActiveCfg = Release|Any CPU
		{FEE7FF51-B5DB-4136-B9C3-043903B30870}.Release|Any CPU.Build.0 = Release|Any CPU
		{FEE7FF51-B5DB-4136-B9C3-043903B30870}.Release|Any CPU.Deploy.0 = Release|Any CPU
		{FEE7FF51-B5DB-4136-B9C3-043903B30870}.Release|Windows.ActiveCfg = Release|Any CPU
		{FEE7FF51-B5DB-4136-B9C3-043903B30870}.Release|Windows.Build.0 = Release|Any CPU
		{FEE7FF51-B5DB-4136-B9C3-043903B30870}.Release|Windows.Deploy.0 = Release|Any CPU
		{DCDB29B0-16A7-4FC1-B38D-777B046D5A73}.Debug|Android.ActiveCfg = Debug|Any CPU
		{DCDB29B0-16A7-4FC1-B38D-777B046D5A73}.Debug|Android.Build.0 = Debug|Any CPU
		{DCDB29B0-16A7-4FC1-B38D-777B046D5A73}.Debug|Any CPU.ActiveCfg = Debug|Any CPU
		{DCDB29B0-16A7-4FC1-B38D-777B046D5A73}.Debug|Any CPU.Build.0 = Debug|Any CPU
		{DCDB29B0-16A7-4FC1-B38D-777B046D5A73}.Debug|Windows.ActiveCfg = Debug|Any CPU
		{DCDB29B0-16A7-4FC1-B38D-777B046D5A73}.Debug|Windows.Build.0 = Debug|Any CPU
		{DCDB29B0-16A7-4FC1-B38D-777B046D5A73}.Release|Android.ActiveCfg = Release|Any CPU
		{DCDB29B0-16A7-4FC1-B38D-777B046D5A73}.Release|Android.Build.0 = Release|Any CPU
		{DCDB29B0-16A7-4FC1-B38D-777B046D5A73}.Release|Any CPU.ActiveCfg = Release|Any CPU
		{DCDB29B0-16A7-4FC1-B38D-777B046D5A73}.Release|Any CPU.Build.0 = Release|Any CPU
		{DCDB29B0-16A7-4FC1-B38D-777B046D5A73}.Release|Windows.ActiveCfg = Release|Any CPU
		{DCDB29B0-16A7-4FC1-B38D-777B046D5A73}.Release|Windows.Build.0 = Release|Any CPU
		{2C888852-E914-4AB4-904D-4EE959200233}.Debug|Android.ActiveCfg = Debug|Any CPU
		{2C888852-E914-4AB4-904D-4EE959200233}.Debug|Android.Build.0 = Debug|Any CPU
		{2C888852-E914-4AB4-904D-4EE959200233}.Debug|Any CPU.ActiveCfg = Debug|Any CPU
		{2C888852-E914-4AB4-904D-4EE959200233}.Debug|Any CPU.Build.0 = Debug|Any CPU
		{2C888852-E914-4AB4-904D-4EE959200233}.Debug|Windows.ActiveCfg = Debug|Any CPU
		{2C888852-E914-4AB4-904D-4EE959200233}.Debug|Windows.Build.0 = Debug|Any CPU
		{2C888852-E914-4AB4-904D-4EE959200233}.Release|Android.ActiveCfg = Release|Any CPU
		{2C888852-E914-4AB4-904D-4EE959200233}.Release|Android.Build.0 = Release|Any CPU
		{2C888852-E914-4AB4-904D-4EE959200233}.Release|Any CPU.ActiveCfg = Release|Any CPU
		{2C888852-E914-4AB4-904D-4EE959200233}.Release|Any CPU.Build.0 = Release|Any CPU
		{2C888852-E914-4AB4-904D-4EE959200233}.Release|Windows.ActiveCfg = Release|Any CPU
		{2C888852-E914-4AB4-904D-4EE959200233}.Release|Windows.Build.0 = Release|Any CPU
		{B870805D-46D1-4690-8EDA-2B3624B1D1C1}.Debug|Android.ActiveCfg = Debug|Any CPU
		{B870805D-46D1-4690-8EDA-2B3624B1D1C1}.Debug|Android.Build.0 = Debug|Any CPU
		{B870805D-46D1-4690-8EDA-2B3624B1D1C1}.Debug|Any CPU.ActiveCfg = Debug|Any CPU
		{B870805D-46D1-4690-8EDA-2B3624B1D1C1}.Debug|Any CPU.Build.0 = Debug|Any CPU
		{B870805D-46D1-4690-8EDA-2B3624B1D1C1}.Debug|Windows.ActiveCfg = Debug|Any CPU
		{B870805D-46D1-4690-8EDA-2B3624B1D1C1}.Debug|Windows.Build.0 = Debug|Any CPU
		{B870805D-46D1-4690-8EDA-2B3624B1D1C1}.Release|Android.ActiveCfg = Release|Any CPU
		{B870805D-46D1-4690-8EDA-2B3624B1D1C1}.Release|Android.Build.0 = Release|Any CPU
		{B870805D-46D1-4690-8EDA-2B3624B1D1C1}.Release|Any CPU.ActiveCfg = Release|Any CPU
		{B870805D-46D1-4690-8EDA-2B3624B1D1C1}.Release|Any CPU.Build.0 = Release|Any CPU
		{B870805D-46D1-4690-8EDA-2B3624B1D1C1}.Release|Windows.ActiveCfg = Release|Any CPU
		{B870805D-46D1-4690-8EDA-2B3624B1D1C1}.Release|Windows.Build.0 = Release|Any CPU
	EndGlobalSection
	GlobalSection(SolutionProperties) = preSolution
		HideSolutionNode = FALSE
	EndGlobalSection
	GlobalSection(NestedProjects) = preSolution
		{DFF5F575-ACE9-41CE-89A9-E82D0DC8CA6C} = {899F423F-E433-48CD-ADD7-BE7111060D01}
		{CFE53FE4-AD85-4797-B4F8-6795A77CF798} = {899F423F-E433-48CD-ADD7-BE7111060D01}
		{C20D1D25-590B-4308-97B9-AFE774CA2300} = {CFE53FE4-AD85-4797-B4F8-6795A77CF798}
		{5CD3F1A7-43D7-4FB2-BEC0-81FF1EE8704B} = {4D64F963-5E27-4E1A-93D3-8725EA168F83}
		{6E5462B8-0293-4944-8229-DF5D4FDF1183} = {CFE53FE4-AD85-4797-B4F8-6795A77CF798}
		{1B5D1859-9372-45DD-A5E9-830B392418D2} = {C20D1D25-590B-4308-97B9-AFE774CA2300}
		{2FEF6F21-FCA7-4282-8FED-CEA9B0261A83} = {CFE53FE4-AD85-4797-B4F8-6795A77CF798}
		{E4609D0B-3A70-4AE1-9462-042A72263376} = {4D64F963-5E27-4E1A-93D3-8725EA168F83}
		{659FFA04-D773-41E6-907A-E12FCBEB82F1} = {300DD736-6641-4130-86BC-62D40E84FD0F}
		{C6806C4E-C4E9-4736-AC25-300CD08B244C} = {4D64F963-5E27-4E1A-93D3-8725EA168F83}
		{3D5071F7-DA01-4D84-9B53-6D8A0E63F18B} = {300DD736-6641-4130-86BC-62D40E84FD0F}
		{4D64F963-5E27-4E1A-93D3-8725EA168F83} = {CFE53FE4-AD85-4797-B4F8-6795A77CF798}
		{300DD736-6641-4130-86BC-62D40E84FD0F} = {DF9F35D5-782A-4517-9EED-56DC59ABC127}
		{2A7C3663-0CB2-45DD-A52D-55FF3A6AB949} = {899F423F-E433-48CD-ADD7-BE7111060D01}
		{E3BB4D7B-FDA8-4F9D-B4E9-1613506F1E2E} = {899F423F-E433-48CD-ADD7-BE7111060D01}
		{F81B5C8F-475F-466C-B028-D7E248C05897} = {C20D1D25-590B-4308-97B9-AFE774CA2300}
		{6F55F2DA-A116-422E-8468-F8C8947F6064} = {C20D1D25-590B-4308-97B9-AFE774CA2300}
		{DC0EFC52-D116-4C15-A296-2ECA1A62479E} = {899F423F-E433-48CD-ADD7-BE7111060D01}
		{8262ADEC-5C8C-4270-996F-B352AD34D163} = {899F423F-E433-48CD-ADD7-BE7111060D01}
		{0A43644B-6981-4BA9-9707-9775DF8BB0A0} = {B013D504-A2C9-4216-A4A1-EB7BC9588F3A}
		{8548E2DB-ACD4-4D2F-8773-3E2D092DC4B0} = {B013D504-A2C9-4216-A4A1-EB7BC9588F3A}
		{40991E61-4EE1-4D67-8BC9-ABD05AB21D70} = {D0B27153-B065-4883-88E6-9AE3DE2ABC7E}
		{D0B27153-B065-4883-88E6-9AE3DE2ABC7E} = {DF9F35D5-782A-4517-9EED-56DC59ABC127}
		{E369DDA2-26D2-4558-943D-303306F80A53} = {D0B27153-B065-4883-88E6-9AE3DE2ABC7E}
		{FEE7FF51-B5DB-4136-B9C3-043903B30870} = {B013D504-A2C9-4216-A4A1-EB7BC9588F3A}
		{1AA6EAB9-9D97-4FD8-BDF0-84E8D7F7BFBE} = {DF9F35D5-782A-4517-9EED-56DC59ABC127}
		{DCDB29B0-16A7-4FC1-B38D-777B046D5A73} = {1AA6EAB9-9D97-4FD8-BDF0-84E8D7F7BFBE}
		{2C888852-E914-4AB4-904D-4EE959200233} = {1AA6EAB9-9D97-4FD8-BDF0-84E8D7F7BFBE}
		{B870805D-46D1-4690-8EDA-2B3624B1D1C1} = {B013D504-A2C9-4216-A4A1-EB7BC9588F3A}
	EndGlobalSection
	GlobalSection(ExtensibilityGlobals) = postSolution
		SolutionGuid = {A53841F6-1E2B-46A5-82DE-2A2FF30168E4}
	EndGlobalSection
	GlobalSection(SharedMSBuildProjectFiles) = preSolution
		src\Platform\Patchwork.Framework.DirectX\Patchwork.Framework.DirectX.projitems*{1b5d1859-9372-45dd-a5e9-830b392418d2}*SharedItemsImports = 13
		src\Patchwork.Framework.Rendering\Patchwork.Framework.Rendering.projitems*{2a7c3663-0cb2-45dd-a52d-55ff3a6ab949}*SharedItemsImports = 13
		src\Patchwork.Framework.Display\Patchwork.Framework.Display.projitems*{2c888852-e914-4ab4-904d-4ee959200233}*SharedItemsImports = 5
		src\Patchwork.Framework.Rendering\Patchwork.Framework.Rendering.projitems*{2c888852-e914-4ab4-904d-4ee959200233}*SharedItemsImports = 5
		src\Patchwork.Framework.Windowing\Patchwork.Framework.Windowing.projitems*{2c888852-e914-4ab4-904d-4ee959200233}*SharedItemsImports = 5
		src\Patchwork.Framework\Patchwork.Framework.projitems*{2c888852-e914-4ab4-904d-4ee959200233}*SharedItemsImports = 5
		src\Platform\Patchwork.Framework.Desktop\Patchwork.Framework.Desktop.projitems*{2c888852-e914-4ab4-904d-4ee959200233}*SharedItemsImports = 5
		src\Platform\Patchwork.Framework.DirectX\Patchwork.Framework.DirectX.projitems*{2c888852-e914-4ab4-904d-4ee959200233}*SharedItemsImports = 5
		src\Platform\Patchwork.Framework.Gdi\Patchwork.Framework.Gdi.projitems*{2c888852-e914-4ab4-904d-4ee959200233}*SharedItemsImports = 5
		src\Platform\Patchwork.Framework.Windows\Patchwork.Framework.Windows.projitems*{2c888852-e914-4ab4-904d-4ee959200233}*SharedItemsImports = 5
		src\Platform\Patchwork.Framework.Mobile\Patchwork.Framework.Mobile.projitems*{2fef6f21-fca7-4282-8fed-cea9b0261a83}*SharedItemsImports = 13
		src\Patchwork.Framework.Display\Patchwork.Framework.Display.projitems*{40991e61-4ee1-4d67-8bc9-abd05ab21d70}*SharedItemsImports = 5
		src\Patchwork.Framework.Rendering\Patchwork.Framework.Rendering.projitems*{40991e61-4ee1-4d67-8bc9-abd05ab21d70}*SharedItemsImports = 5
		src\Patchwork.Framework.Windowing\Patchwork.Framework.Windowing.projitems*{40991e61-4ee1-4d67-8bc9-abd05ab21d70}*SharedItemsImports = 5
		src\Patchwork.Framework\Patchwork.Framework.projitems*{40991e61-4ee1-4d67-8bc9-abd05ab21d70}*SharedItemsImports = 5
		src\Platform\Patchwork.Framework.Android\Patchwork.Framework.Android.projitems*{40991e61-4ee1-4d67-8bc9-abd05ab21d70}*SharedItemsImports = 5
		src\Platform\Patchwork.Framework.Mobile\Patchwork.Framework.Mobile.projitems*{40991e61-4ee1-4d67-8bc9-abd05ab21d70}*SharedItemsImports = 5
		src\Platform\Patchwork.Framework.Skia\Patchwork.Framework.Skia.projitems*{40991e61-4ee1-4d67-8bc9-abd05ab21d70}*SharedItemsImports = 5
		src\Platform\Patchwork.Framework.Android\Patchwork.Framework.Android.projitems*{5cd3f1a7-43d7-4fb2-bec0-81ff1ee8704b}*SharedItemsImports = 13
		src\Patchwork.Framework.Display\Patchwork.Framework.Display.projitems*{659ffa04-d773-41e6-907a-e12fcbeb82f1}*SharedItemsImports = 5
		src\Patchwork.Framework.Rendering\Patchwork.Framework.Rendering.projitems*{659ffa04-d773-41e6-907a-e12fcbeb82f1}*SharedItemsImports = 5
		src\Patchwork.Framework.Windowing\Patchwork.Framework.Windowing.projitems*{659ffa04-d773-41e6-907a-e12fcbeb82f1}*SharedItemsImports = 5
		src\Patchwork.Framework\Patchwork.Framework.projitems*{659ffa04-d773-41e6-907a-e12fcbeb82f1}*SharedItemsImports = 5
		src\Platform\Patchwork.Framework.Desktop\Patchwork.Framework.Desktop.projitems*{659ffa04-d773-41e6-907a-e12fcbeb82f1}*SharedItemsImports = 5
		src\Platform\Patchwork.Framework.Gdi\Patchwork.Framework.Gdi.projitems*{659ffa04-d773-41e6-907a-e12fcbeb82f1}*SharedItemsImports = 5
		src\Platform\Patchwork.Framework.Skia\Patchwork.Framework.Skia.projitems*{659ffa04-d773-41e6-907a-e12fcbeb82f1}*SharedItemsImports = 5
		src\Platform\Patchwork.Framework.Windows\Patchwork.Framework.Windows.projitems*{659ffa04-d773-41e6-907a-e12fcbeb82f1}*SharedItemsImports = 5
		src\Platform\Patchwork.Framework.Desktop\Patchwork.Framework.Desktop.projitems*{6e5462b8-0293-4944-8229-df5d4fdf1183}*SharedItemsImports = 13
		src\Platform\Patchwork.Framework.Gdi\Patchwork.Framework.Gdi.projitems*{6f55f2da-a116-422e-8468-f8c8947f6064}*SharedItemsImports = 13
		src\Patchwork.Framework.Display\Patchwork.Framework.Display.projitems*{8262adec-5c8c-4270-996f-b352ad34d163}*SharedItemsImports = 13
		src\Platform\Patchwork.Framework.Linux\Patchwork.Framework.Linux.projitems*{c6806c4e-c4e9-4736-ac25-300cd08b244c}*SharedItemsImports = 13
		src\System.Drawing\System.Drawing.projitems*{dc0efc52-d116-4c15-a296-2eca1a62479e}*SharedItemsImports = 13
		src\Patchwork.Framework\Patchwork.Framework.projitems*{dff5f575-ace9-41ce-89a9-e82d0dc8ca6c}*SharedItemsImports = 13
		src\Patchwork.Framework.Display\Patchwork.Framework.Display.projitems*{e369dda2-26d2-4558-943d-303306f80a53}*SharedItemsImports = 5
		src\Patchwork.Framework.Rendering\Patchwork.Framework.Rendering.projitems*{e369dda2-26d2-4558-943d-303306f80a53}*SharedItemsImports = 5
		src\Patchwork.Framework.Windowing\Patchwork.Framework.Windowing.projitems*{e369dda2-26d2-4558-943d-303306f80a53}*SharedItemsImports = 5
		src\Patchwork.Framework\Patchwork.Framework.projitems*{e369dda2-26d2-4558-943d-303306f80a53}*SharedItemsImports = 5
		src\Platform\Patchwork.Framework.Desktop\Patchwork.Framework.Desktop.projitems*{e369dda2-26d2-4558-943d-303306f80a53}*SharedItemsImports = 5
		src\Platform\Patchwork.Framework.DirectX\Patchwork.Framework.DirectX.projitems*{e369dda2-26d2-4558-943d-303306f80a53}*SharedItemsImports = 5
		src\Platform\Patchwork.Framework.Gdi\Patchwork.Framework.Gdi.projitems*{e369dda2-26d2-4558-943d-303306f80a53}*SharedItemsImports = 5
		src\Platform\Patchwork.Framework.Skia\Patchwork.Framework.Skia.projitems*{e369dda2-26d2-4558-943d-303306f80a53}*SharedItemsImports = 5
		src\Platform\Patchwork.Framework.Windows\Patchwork.Framework.Windows.projitems*{e369dda2-26d2-4558-943d-303306f80a53}*SharedItemsImports = 5
		src\Patchwork.Framework.Windowing\Patchwork.Framework.Windowing.projitems*{e3bb4d7b-fda8-4f9d-b4e9-1613506f1e2e}*SharedItemsImports = 13
		src\Platform\Patchwork.Framework.Windows\Patchwork.Framework.Windows.projitems*{e4609d0b-3a70-4ae1-9462-042a72263376}*SharedItemsImports = 13
		src\Platform\Patchwork.Framework.Skia\Patchwork.Framework.Skia.projitems*{f81b5c8f-475f-466c-b028-d7e248c05897}*SharedItemsImports = 13
	EndGlobalSection
EndGlobal
